// !$*UTF8*$!
{
	archiveVersion = 1;
	classes = {
	};
	objectVersion = 56;
	objects = {

/* Begin PBXBuildFile section */
		33FE53702A27CF3D0070A917 /* TimeCrackerApp.swift in Sources */ = {isa = PBXBuildFile; fileRef = 33FE536F2A27CF3D0070A917 /* TimeCrackerApp.swift */; };
		33FE53722A27CF3D0070A917 /* ContentView.swift in Sources */ = {isa = PBXBuildFile; fileRef = 33FE53712A27CF3D0070A917 /* ContentView.swift */; };
		33FE53742A27CF3E0070A917 /* Assets.xcassets in Resources */ = {isa = PBXBuildFile; fileRef = 33FE53732A27CF3E0070A917 /* Assets.xcassets */; };
		33FE53772A27CF3E0070A917 /* Preview Assets.xcassets in Resources */ = {isa = PBXBuildFile; fileRef = 33FE53762A27CF3E0070A917 /* Preview Assets.xcassets */; };
		33FE538B2A28EACC0070A917 /* ClockInButton.swift in Sources */ = {isa = PBXBuildFile; fileRef = 33FE538A2A28EACC0070A917 /* ClockInButton.swift */; };
		33FE538D2A28EBC90070A917 /* Task.swift in Sources */ = {isa = PBXBuildFile; fileRef = 33FE538C2A28EBC90070A917 /* Task.swift */; };
		33FE53912A2A2D0A0070A917 /* ClockInOutButton.swift in Sources */ = {isa = PBXBuildFile; fileRef = 33FE53902A2A2D0A0070A917 /* ClockInOutButton.swift */; };
		33FE53952A2A3BDC0070A917 /* DisplayButtons.swift in Sources */ = {isa = PBXBuildFile; fileRef = 33FE53942A2A3BDC0070A917 /* DisplayButtons.swift */; };
		33FE53972A2A3C270070A917 /* EditButton.swift in Sources */ = {isa = PBXBuildFile; fileRef = 33FE53962A2A3C270070A917 /* EditButton.swift */; };
		33FE53992A2A3C300070A917 /* AddButton.swift in Sources */ = {isa = PBXBuildFile; fileRef = 33FE53982A2A3C300070A917 /* AddButton.swift */; };
		33FE539B2A2A3C420070A917 /* ClockIn.swift in Sources */ = {isa = PBXBuildFile; fileRef = 33FE539A2A2A3C420070A917 /* ClockIn.swift */; };
		33FE539D2A2AF9F20070A917 /* CloseButton.swift in Sources */ = {isa = PBXBuildFile; fileRef = 33FE539C2A2AF9F20070A917 /* CloseButton.swift */; };
		33FE53A02A2AFC7E0070A917 /* TaskTextField.swift in Sources */ = {isa = PBXBuildFile; fileRef = 33FE539F2A2AFC7E0070A917 /* TaskTextField.swift */; };
		33FE53A22A2AFFD20070A917 /* TextAligned.swift in Sources */ = {isa = PBXBuildFile; fileRef = 33FE53A12A2AFFD20070A917 /* TextAligned.swift */; };
		33FE53A42A2C32DB0070A917 /* RoundedButton.swift in Sources */ = {isa = PBXBuildFile; fileRef = 33FE53A32A2C32DB0070A917 /* RoundedButton.swift */; };
		33FE53A72A2C39240070A917 /* ColorSelector.swift in Sources */ = {isa = PBXBuildFile; fileRef = 33FE53A62A2C39240070A917 /* ColorSelector.swift */; };
/* End PBXBuildFile section */

/* Begin PBXFileReference section */
		33FE536C2A27CF3D0070A917 /* TimeCracker.app */ = {isa = PBXFileReference; explicitFileType = wrapper.application; includeInIndex = 0; path = TimeCracker.app; sourceTree = BUILT_PRODUCTS_DIR; };
		33FE536F2A27CF3D0070A917 /* TimeCrackerApp.swift */ = {isa = PBXFileReference; lastKnownFileType = sourcecode.swift; path = TimeCrackerApp.swift; sourceTree = "<group>"; };
		33FE53712A27CF3D0070A917 /* ContentView.swift */ = {isa = PBXFileReference; lastKnownFileType = sourcecode.swift; path = ContentView.swift; sourceTree = "<group>"; };
		33FE53732A27CF3E0070A917 /* Assets.xcassets */ = {isa = PBXFileReference; lastKnownFileType = folder.assetcatalog; path = Assets.xcassets; sourceTree = "<group>"; };
		33FE53762A27CF3E0070A917 /* Preview Assets.xcassets */ = {isa = PBXFileReference; lastKnownFileType = folder.assetcatalog; path = "Preview Assets.xcassets"; sourceTree = "<group>"; };
		33FE538A2A28EACC0070A917 /* ClockInButton.swift */ = {isa = PBXFileReference; lastKnownFileType = sourcecode.swift; path = ClockInButton.swift; sourceTree = "<group>"; };
		33FE538C2A28EBC90070A917 /* Task.swift */ = {isa = PBXFileReference; lastKnownFileType = sourcecode.swift; path = Task.swift; sourceTree = "<group>"; };
		33FE53902A2A2D0A0070A917 /* ClockInOutButton.swift */ = {isa = PBXFileReference; lastKnownFileType = sourcecode.swift; path = ClockInOutButton.swift; sourceTree = "<group>"; };
		33FE53942A2A3BDC0070A917 /* DisplayButtons.swift */ = {isa = PBXFileReference; lastKnownFileType = sourcecode.swift; path = DisplayButtons.swift; sourceTree = "<group>"; };
		33FE53962A2A3C270070A917 /* EditButton.swift */ = {isa = PBXFileReference; lastKnownFileType = sourcecode.swift; path = EditButton.swift; sourceTree = "<group>"; };
		33FE53982A2A3C300070A917 /* AddButton.swift */ = {isa = PBXFileReference; lastKnownFileType = sourcecode.swift; path = AddButton.swift; sourceTree = "<group>"; };
		33FE539A2A2A3C420070A917 /* ClockIn.swift */ = {isa = PBXFileReference; lastKnownFileType = sourcecode.swift; path = ClockIn.swift; sourceTree = "<group>"; };
		33FE539C2A2AF9F20070A917 /* CloseButton.swift */ = {isa = PBXFileReference; lastKnownFileType = sourcecode.swift; path = CloseButton.swift; sourceTree = "<group>"; };
		33FE539F2A2AFC7E0070A917 /* TaskTextField.swift */ = {isa = PBXFileReference; lastKnownFileType = sourcecode.swift; path = TaskTextField.swift; sourceTree = "<group>"; };
		33FE53A12A2AFFD20070A917 /* TextAligned.swift */ = {isa = PBXFileReference; lastKnownFileType = sourcecode.swift; path = TextAligned.swift; sourceTree = "<group>"; };
		33FE53A32A2C32DB0070A917 /* RoundedButton.swift */ = {isa = PBXFileReference; lastKnownFileType = sourcecode.swift; path = RoundedButton.swift; sourceTree = "<group>"; };
		33FE53A62A2C39240070A917 /* ColorSelector.swift */ = {isa = PBXFileReference; lastKnownFileType = sourcecode.swift; path = ColorSelector.swift; sourceTree = "<group>"; };
/* End PBXFileReference section */

/* Begin PBXFrameworksBuildPhase section */
		33FE53692A27CF3D0070A917 /* Frameworks */ = {
			isa = PBXFrameworksBuildPhase;
			buildActionMask = 2147483647;
			files = (
			);
			runOnlyForDeploymentPostprocessing = 0;
		};
/* End PBXFrameworksBuildPhase section */

/* Begin PBXGroup section */
		33FE53632A27CF3D0070A917 = {
			isa = PBXGroup;
			children = (
				33FE536E2A27CF3D0070A917 /* TimeCracker */,
				33FE536D2A27CF3D0070A917 /* Products */,
			);
			sourceTree = "<group>";
		};
		33FE536D2A27CF3D0070A917 /* Products */ = {
			isa = PBXGroup;
			children = (
				33FE536C2A27CF3D0070A917 /* TimeCracker.app */,
			);
			name = Products;
			sourceTree = "<group>";
		};
		33FE536E2A27CF3D0070A917 /* TimeCracker */ = {
			isa = PBXGroup;
			children = (
				33FE536F2A27CF3D0070A917 /* TimeCrackerApp.swift */,
				33FE53712A27CF3D0070A917 /* ContentView.swift */,
				33FE537D2A28E8880070A917 /* View */,
				33FE537E2A28E8910070A917 /* Model */,
				33FE53842A28E9530070A917 /* Elements */,
				33FE53732A27CF3E0070A917 /* Assets.xcassets */,
				33FE53752A27CF3E0070A917 /* Preview Content */,
			);
			path = TimeCracker;
			sourceTree = "<group>";
		};
		33FE53752A27CF3E0070A917 /* Preview Content */ = {
			isa = PBXGroup;
			children = (
				33FE53762A27CF3E0070A917 /* Preview Assets.xcassets */,
			);
			path = "Preview Content";
			sourceTree = "<group>";
		};
		33FE537D2A28E8880070A917 /* View */ = {
			isa = PBXGroup;
			children = (
				33FE53802A28E8EA0070A917 /* Auth */,
				33FE537F2A28E8DD0070A917 /* ClockIn */,
				33FE53812A28E8F10070A917 /* Logs */,
				33FE53822A28E9000070A917 /* Reports */,
				33FE53832A28E9070070A917 /* Settings */,
			);
			path = View;
			sourceTree = "<group>";
		};
		33FE537E2A28E8910070A917 /* Model */ = {
			isa = PBXGroup;
			children = (
				33FE538C2A28EBC90070A917 /* Task.swift */,
			);
			path = Model;
			sourceTree = "<group>";
		};
		33FE537F2A28E8DD0070A917 /* ClockIn */ = {
			isa = PBXGroup;
			children = (
				33FE539A2A2A3C420070A917 /* ClockIn.swift */,
				33FE53942A2A3BDC0070A917 /* DisplayButtons.swift */,
				33FE53982A2A3C300070A917 /* AddButton.swift */,
				33FE53962A2A3C270070A917 /* EditButton.swift */,
			);
			path = ClockIn;
			sourceTree = "<group>";
		};
		33FE53802A28E8EA0070A917 /* Auth */ = {
			isa = PBXGroup;
			children = (
			);
			path = Auth;
			sourceTree = "<group>";
		};
		33FE53812A28E8F10070A917 /* Logs */ = {
			isa = PBXGroup;
			children = (
			);
			path = Logs;
			sourceTree = "<group>";
		};
		33FE53822A28E9000070A917 /* Reports */ = {
			isa = PBXGroup;
			children = (
			);
			path = Reports;
			sourceTree = "<group>";
		};
		33FE53832A28E9070070A917 /* Settings */ = {
			isa = PBXGroup;
			children = (
			);
			path = Settings;
			sourceTree = "<group>";
		};
		33FE53842A28E9530070A917 /* Elements */ = {
			isa = PBXGroup;
			children = (
				33FE53A52A2C390C0070A917 /* Selector */,
				33FE539E2A2AFC590070A917 /* Text */,
				33FE53852A28E9CA0070A917 /* Buttons */,
				33FE53872A28E9FD0070A917 /* Rows */,
				33FE53862A28E9D30070A917 /* TextFields */,
			);
			path = Elements;
			sourceTree = "<group>";
		};
		33FE53852A28E9CA0070A917 /* Buttons */ = {
			isa = PBXGroup;
			children = (
				33FE538A2A28EACC0070A917 /* ClockInButton.swift */,
				33FE53902A2A2D0A0070A917 /* ClockInOutButton.swift */,
				33FE539C2A2AF9F20070A917 /* CloseButton.swift */,
				33FE53A32A2C32DB0070A917 /* RoundedButton.swift */,
			);
			path = Buttons;
			sourceTree = "<group>";
		};
		33FE53862A28E9D30070A917 /* TextFields */ = {
			isa = PBXGroup;
			children = (
			);
			path = TextFields;
			sourceTree = "<group>";
		};
		33FE53872A28E9FD0070A917 /* Rows */ = {
			isa = PBXGroup;
			children = (
			);
			path = Rows;
			sourceTree = "<group>";
		};
		33FE539E2A2AFC590070A917 /* Text */ = {
			isa = PBXGroup;
			children = (
				33FE539F2A2AFC7E0070A917 /* TaskTextField.swift */,
				33FE53A12A2AFFD20070A917 /* TextAligned.swift */,
			);
			path = Text;
			sourceTree = "<group>";
		};
		33FE53A52A2C390C0070A917 /* Selector */ = {
			isa = PBXGroup;
			children = (
				33FE53A62A2C39240070A917 /* ColorSelector.swift */,
			);
			path = Selector;
			sourceTree = "<group>";
		};
/* End PBXGroup section */

/* Begin PBXNativeTarget section */
		33FE536B2A27CF3D0070A917 /* TimeCracker */ = {
			isa = PBXNativeTarget;
			buildConfigurationList = 33FE537A2A27CF3E0070A917 /* Build configuration list for PBXNativeTarget "TimeCracker" */;
			buildPhases = (
				33FE53682A27CF3D0070A917 /* Sources */,
				33FE53692A27CF3D0070A917 /* Frameworks */,
				33FE536A2A27CF3D0070A917 /* Resources */,
			);
			buildRules = (
			);
			dependencies = (
			);
			name = TimeCracker;
			productName = TimeCracker;
			productReference = 33FE536C2A27CF3D0070A917 /* TimeCracker.app */;
			productType = "com.apple.product-type.application";
		};
/* End PBXNativeTarget section */

/* Begin PBXProject section */
		33FE53642A27CF3D0070A917 /* Project object */ = {
			isa = PBXProject;
			attributes = {
				BuildIndependentTargetsInParallel = 1;
				LastSwiftUpdateCheck = 1420;
				LastUpgradeCheck = 1420;
				TargetAttributes = {
					33FE536B2A27CF3D0070A917 = {
						CreatedOnToolsVersion = 14.2;
					};
				};
			};
			buildConfigurationList = 33FE53672A27CF3D0070A917 /* Build configuration list for PBXProject "TimeCracker" */;
			compatibilityVersion = "Xcode 14.0";
			developmentRegion = en;
			hasScannedForEncodings = 0;
			knownRegions = (
				en,
				Base,
			);
			mainGroup = 33FE53632A27CF3D0070A917;
			productRefGroup = 33FE536D2A27CF3D0070A917 /* Products */;
			projectDirPath = "";
			projectRoot = "";
			targets = (
				33FE536B2A27CF3D0070A917 /* TimeCracker */,
			);
		};
/* End PBXProject section */

/* Begin PBXResourcesBuildPhase section */
		33FE536A2A27CF3D0070A917 /* Resources */ = {
			isa = PBXResourcesBuildPhase;
			buildActionMask = 2147483647;
			files = (
				33FE53772A27CF3E0070A917 /* Preview Assets.xcassets in Resources */,
				33FE53742A27CF3E0070A917 /* Assets.xcassets in Resources */,
			);
			runOnlyForDeploymentPostprocessing = 0;
		};
/* End PBXResourcesBuildPhase section */

/* Begin PBXSourcesBuildPhase section */
		33FE53682A27CF3D0070A917 /* Sources */ = {
			isa = PBXSourcesBuildPhase;
			buildActionMask = 2147483647;
			files = (
				33FE539D2A2AF9F20070A917 /* CloseButton.swift in Sources */,
				33FE538D2A28EBC90070A917 /* Task.swift in Sources */,
				33FE539B2A2A3C420070A917 /* ClockIn.swift in Sources */,
				33FE53A02A2AFC7E0070A917 /* TaskTextField.swift in Sources */,
				33FE53A22A2AFFD20070A917 /* TextAligned.swift in Sources */,
				33FE538B2A28EACC0070A917 /* ClockInButton.swift in Sources */,
				33FE53912A2A2D0A0070A917 /* ClockInOutButton.swift in Sources */,
				33FE53992A2A3C300070A917 /* AddButton.swift in Sources */,
				33FE53A72A2C39240070A917 /* ColorSelector.swift in Sources */,
				33FE53722A27CF3D0070A917 /* ContentView.swift in Sources */,
				33FE53972A2A3C270070A917 /* EditButton.swift in Sources */,
				33FE53702A27CF3D0070A917 /* TimeCrackerApp.swift in Sources */,
				33FE53952A2A3BDC0070A917 /* DisplayButtons.swift in Sources */,
				33FE53A42A2C32DB0070A917 /* RoundedButton.swift in Sources */,
			);
			runOnlyForDeploymentPostprocessing = 0;
		};
/* End PBXSourcesBuildPhase section */

/* Begin XCBuildConfiguration section */
		33FE53782A27CF3E0070A917 /* Debug */ = {
			isa = XCBuildConfiguration;
			buildSettings = {
				ALWAYS_SEARCH_USER_PATHS = NO;
				CLANG_ANALYZER_NONNULL = YES;
				CLANG_ANALYZER_NUMBER_OBJECT_CONVERSION = YES_AGGRESSIVE;
				CLANG_CXX_LANGUAGE_STANDARD = "gnu++20";
				CLANG_ENABLE_MODULES = YES;
				CLANG_ENABLE_OBJC_ARC = YES;
				CLANG_ENABLE_OBJC_WEAK = YES;
				CLANG_WARN_BLOCK_CAPTURE_AUTORELEASING = YES;
				CLANG_WARN_BOOL_CONVERSION = YES;
				CLANG_WARN_COMMA = YES;
				CLANG_WARN_CONSTANT_CONVERSION = YES;
				CLANG_WARN_DEPRECATED_OBJC_IMPLEMENTATIONS = YES;
				CLANG_WARN_DIRECT_OBJC_ISA_USAGE = YES_ERROR;
				CLANG_WARN_DOCUMENTATION_COMMENTS = YES;
				CLANG_WARN_EMPTY_BODY = YES;
				CLANG_WARN_ENUM_CONVERSION = YES;
				CLANG_WARN_INFINITE_RECURSION = YES;
				CLANG_WARN_INT_CONVERSION = YES;
				CLANG_WARN_NON_LITERAL_NULL_CONVERSION = YES;
				CLANG_WARN_OBJC_IMPLICIT_RETAIN_SELF = YES;
				CLANG_WARN_OBJC_LITERAL_CONVERSION = YES;
				CLANG_WARN_OBJC_ROOT_CLASS = YES_ERROR;
				CLANG_WARN_QUOTED_INCLUDE_IN_FRAMEWORK_HEADER = YES;
				CLANG_WARN_RANGE_LOOP_ANALYSIS = YES;
				CLANG_WARN_STRICT_PROTOTYPES = YES;
				CLANG_WARN_SUSPICIOUS_MOVE = YES;
				CLANG_WARN_UNGUARDED_AVAILABILITY = YES_AGGRESSIVE;
				CLANG_WARN_UNREACHABLE_CODE = YES;
				CLANG_WARN__DUPLICATE_METHOD_MATCH = YES;
				COPY_PHASE_STRIP = NO;
				DEBUG_INFORMATION_FORMAT = dwarf;
				ENABLE_STRICT_OBJC_MSGSEND = YES;
				ENABLE_TESTABILITY = YES;
				GCC_C_LANGUAGE_STANDARD = gnu11;
				GCC_DYNAMIC_NO_PIC = NO;
				GCC_NO_COMMON_BLOCKS = YES;
				GCC_OPTIMIZATION_LEVEL = 0;
				GCC_PREPROCESSOR_DEFINITIONS = (
					"DEBUG=1",
					"$(inherited)",
				);
				GCC_WARN_64_TO_32_BIT_CONVERSION = YES;
				GCC_WARN_ABOUT_RETURN_TYPE = YES_ERROR;
				GCC_WARN_UNDECLARED_SELECTOR = YES;
				GCC_WARN_UNINITIALIZED_AUTOS = YES_AGGRESSIVE;
				GCC_WARN_UNUSED_FUNCTION = YES;
				GCC_WARN_UNUSED_VARIABLE = YES;
				IPHONEOS_DEPLOYMENT_TARGET = 16.2;
				MTL_ENABLE_DEBUG_INFO = INCLUDE_SOURCE;
				MTL_FAST_MATH = YES;
				ONLY_ACTIVE_ARCH = YES;
				SDKROOT = iphoneos;
				SWIFT_ACTIVE_COMPILATION_CONDITIONS = DEBUG;
				SWIFT_OPTIMIZATION_LEVEL = "-Onone";
			};
			name = Debug;
		};
		33FE53792A27CF3E0070A917 /* Release */ = {
			isa = XCBuildConfiguration;
			buildSettings = {
				ALWAYS_SEARCH_USER_PATHS = NO;
				CLANG_ANALYZER_NONNULL = YES;
				CLANG_ANALYZER_NUMBER_OBJECT_CONVERSION = YES_AGGRESSIVE;
				CLANG_CXX_LANGUAGE_STANDARD = "gnu++20";
				CLANG_ENABLE_MODULES = YES;
				CLANG_ENABLE_OBJC_ARC = YES;
				CLANG_ENABLE_OBJC_WEAK = YES;
				CLANG_WARN_BLOCK_CAPTURE_AUTORELEASING = YES;
				CLANG_WARN_BOOL_CONVERSION = YES;
				CLANG_WARN_COMMA = YES;
				CLANG_WARN_CONSTANT_CONVERSION = YES;
				CLANG_WARN_DEPRECATED_OBJC_IMPLEMENTATIONS = YES;
				CLANG_WARN_DIRECT_OBJC_ISA_USAGE = YES_ERROR;
				CLANG_WARN_DOCUMENTATION_COMMENTS = YES;
				CLANG_WARN_EMPTY_BODY = YES;
				CLANG_WARN_ENUM_CONVERSION = YES;
				CLANG_WARN_INFINITE_RECURSION = YES;
				CLANG_WARN_INT_CONVERSION = YES;
				CLANG_WARN_NON_LITERAL_NULL_CONVERSION = YES;
				CLANG_WARN_OBJC_IMPLICIT_RETAIN_SELF = YES;
				CLANG_WARN_OBJC_LITERAL_CONVERSION = YES;
				CLANG_WARN_OBJC_ROOT_CLASS = YES_ERROR;
				CLANG_WARN_QUOTED_INCLUDE_IN_FRAMEWORK_HEADER = YES;
				CLANG_WARN_RANGE_LOOP_ANALYSIS = YES;
				CLANG_WARN_STRICT_PROTOTYPES = YES;
				CLANG_WARN_SUSPICIOUS_MOVE = YES;
				CLANG_WARN_UNGUARDED_AVAILABILITY = YES_AGGRESSIVE;
				CLANG_WARN_UNREACHABLE_CODE = YES;
				CLANG_WARN__DUPLICATE_METHOD_MATCH = YES;
				COPY_PHASE_STRIP = NO;
				DEBUG_INFORMATION_FORMAT = "dwarf-with-dsym";
				ENABLE_NS_ASSERTIONS = NO;
				ENABLE_STRICT_OBJC_MSGSEND = YES;
				GCC_C_LANGUAGE_STANDARD = gnu11;
				GCC_NO_COMMON_BLOCKS = YES;
				GCC_WARN_64_TO_32_BIT_CONVERSION = YES;
				GCC_WARN_ABOUT_RETURN_TYPE = YES_ERROR;
				GCC_WARN_UNDECLARED_SELECTOR = YES;
				GCC_WARN_UNINITIALIZED_AUTOS = YES_AGGRESSIVE;
				GCC_WARN_UNUSED_FUNCTION = YES;
				GCC_WARN_UNUSED_VARIABLE = YES;
				IPHONEOS_DEPLOYMENT_TARGET = 16.2;
				MTL_ENABLE_DEBUG_INFO = NO;
				MTL_FAST_MATH = YES;
				SDKROOT = iphoneos;
				SWIFT_COMPILATION_MODE = wholemodule;
				SWIFT_OPTIMIZATION_LEVEL = "-O";
				VALIDATE_PRODUCT = YES;
			};
			name = Release;
		};
		33FE537B2A27CF3E0070A917 /* Debug */ = {
			isa = XCBuildConfiguration;
			buildSettings = {
				ASSETCATALOG_COMPILER_APPICON_NAME = AppIcon;
				ASSETCATALOG_COMPILER_GLOBAL_ACCENT_COLOR_NAME = AccentColor;
				CODE_SIGN_STYLE = Automatic;
				CURRENT_PROJECT_VERSION = 1;
				DEVELOPMENT_ASSET_PATHS = "\"TimeCracker/Preview Content\"";
				ENABLE_PREVIEWS = YES;
				GENERATE_INFOPLIST_FILE = YES;
				INFOPLIST_KEY_UIApplicationSceneManifest_Generation = YES;
				INFOPLIST_KEY_UIApplicationSupportsIndirectInputEvents = YES;
				INFOPLIST_KEY_UILaunchScreen_Generation = YES;
				INFOPLIST_KEY_UISupportedInterfaceOrientations_iPad = "UIInterfaceOrientationPortrait UIInterfaceOrientationPortraitUpsideDown UIInterfaceOrientationLandscapeLeft UIInterfaceOrientationLandscapeRight";
				INFOPLIST_KEY_UISupportedInterfaceOrientations_iPhone = "UIInterfaceOrientationPortrait UIInterfaceOrientationLandscapeLeft UIInterfaceOrientationLandscapeRight";
				LD_RUNPATH_SEARCH_PATHS = (
					"$(inherited)",
					"@executable_path/Frameworks",
				);
				MARKETING_VERSION = 1.0;
				PRODUCT_BUNDLE_IDENTIFIER = gina.TimeCracker;
				PRODUCT_NAME = "$(TARGET_NAME)";
				SWIFT_EMIT_LOC_STRINGS = YES;
				SWIFT_VERSION = 5.0;
				TARGETED_DEVICE_FAMILY = "1,2";
			};
			name = Debug;
		};
		33FE537C2A27CF3E0070A917 /* Release */ = {
			isa = XCBuildConfiguration;
			buildSettings = {
				ASSETCATALOG_COMPILER_APPICON_NAME = AppIcon;
				ASSETCATALOG_COMPILER_GLOBAL_ACCENT_COLOR_NAME = AccentColor;
				CODE_SIGN_STYLE = Automatic;
				CURRENT_PROJECT_VERSION = 1;
				DEVELOPMENT_ASSET_PATHS = "\"TimeCracker/Preview Content\"";
				ENABLE_PREVIEWS = YES;
				GENERATE_INFOPLIST_FILE = YES;
				INFOPLIST_KEY_UIApplicationSceneManifest_Generation = YES;
				INFOPLIST_KEY_UIApplicationSupportsIndirectInputEvents = YES;
				INFOPLIST_KEY_UILaunchScreen_Generation = YES;
				INFOPLIST_KEY_UISupportedInterfaceOrientations_iPad = "UIInterfaceOrientationPortrait UIInterfaceOrientationPortraitUpsideDown UIInterfaceOrientationLandscapeLeft UIInterfaceOrientationLandscapeRight";
				INFOPLIST_KEY_UISupportedInterfaceOrientations_iPhone = "UIInterfaceOrientationPortrait UIInterfaceOrientationLandscapeLeft UIInterfaceOrientationLandscapeRight";
				LD_RUNPATH_SEARCH_PATHS = (
					"$(inherited)",
					"@executable_path/Frameworks",
				);
				MARKETING_VERSION = 1.0;
				PRODUCT_BUNDLE_IDENTIFIER = gina.TimeCracker;
				PRODUCT_NAME = "$(TARGET_NAME)";
				SWIFT_EMIT_LOC_STRINGS = YES;
				SWIFT_VERSION = 5.0;
				TARGETED_DEVICE_FAMILY = "1,2";
			};
			name = Release;
		};
/* End XCBuildConfiguration section */

/* Begin XCConfigurationList section */
		33FE53672A27CF3D0070A917 /* Build configuration list for PBXProject "TimeCracker" */ = {
			isa = XCConfigurationList;
			buildConfigurations = (
				33FE53782A27CF3E0070A917 /* Debug */,
				33FE53792A27CF3E0070A917 /* Release */,
			);
			defaultConfigurationIsVisible = 0;
			defaultConfigurationName = Release;
		};
		33FE537A2A27CF3E0070A917 /* Build configuration list for PBXNativeTarget "TimeCracker" */ = {
			isa = XCConfigurationList;
			buildConfigurations = (
				33FE537B2A27CF3E0070A917 /* Debug */,
				33FE537C2A27CF3E0070A917 /* Release */,
			);
			defaultConfigurationIsVisible = 0;
			defaultConfigurationName = Release;
		};
/* End XCConfigurationList section */
	};
	rootObject = 33FE53642A27CF3D0070A917 /* Project object */;
}
